github.com/deforceHK/goghostex v0.0.3-0.20240829064421-6ab7d9a4eb07 h1:CJqZi5wY7uKzUBqCqs/nVGtY/2CgZUFEbPrxnwEO+a4=
github.com/deforceHK/goghostex v0.0.3-0.20240829064421-6ab7d9a4eb07/go.mod h1:2jpJnmzvWdrGEUQDXcZSiMpppO8ANHAO87wKEn2stYs=
github.com/google/uuid v1.3.0 h1:t6JiXgmwXMjEs8VusXIJk2BXHsn+wx8BZdTaoZ5fu7I=
github.com/google/uuid v1.3.0/go.mod h1:TIyPZe4MgqvfeYDBFedMoGGpEw/LqOeaOT+nhxU+yHo=
github.com/gorilla/websocket v1.5.0 h1:PPwGk2jz7EePpoHN/+ClbZu8SPxiqlu12wZP/3sWmnc=
github.com/gorilla/websocket v1.5.0/go.mod h1:YR8l580nyteQvAITg2hZ9XVh4b55+EU/adAjf1fMHhE=
github.com/strengthening/goghostex v1.0.2 h1:jHhdttDamWgPbHLZHPucAUQw9tgTx9sffCvIU4mmV+4=
github.com/strengthening/goghostex v1.0.2/go.mod h1:STwx9VS/ecfpOaI/uUMjLNMLaTeBtYsjPZ3agjnVBKU=
